// !$*UTF8*$!
{
	archiveVersion = 1;
	classes = {
	};
	objectVersion = 55;
	objects = {

/* Begin PBXBuildFile section */
		4E782D942CDE1FA000B43108 /* .swiftlint.yml in Resources */ = {isa = PBXBuildFile; fileRef = 4E782D932CDE1FA000B43108 /* .swiftlint.yml */; };
		EF2BD216283E21B3008AD015 /* AppDelegate.swift in Sources */ = {isa = PBXBuildFile; fileRef = EF2BD215283E21B3008AD015 /* AppDelegate.swift */; };
		EF2BD218283E21B3008AD015 /* SceneDelegate.swift in Sources */ = {isa = PBXBuildFile; fileRef = EF2BD217283E21B3008AD015 /* SceneDelegate.swift */; };
		EF2BD21F283E21B3008AD015 /* Assets.xcassets in Resources */ = {isa = PBXBuildFile; fileRef = EF2BD21E283E21B3008AD015 /* Assets.xcassets */; };
		EF2BD222283E21B3008AD015 /* LaunchScreen.storyboard in Resources */ = {isa = PBXBuildFile; fileRef = EF2BD220283E21B3008AD015 /* LaunchScreen.storyboard */; };
		EF2BD22F283E2225008AD015 /* SetCardViewProtocol.swift in Sources */ = {isa = PBXBuildFile; fileRef = EF2BD22E283E2225008AD015 /* SetCardViewProtocol.swift */; };
		EF2BD231283E2249008AD015 /* SetCardButton.swift in Sources */ = {isa = PBXBuildFile; fileRef = EF2BD230283E2249008AD015 /* SetCardButton.swift */; };
		EF2BD233283E2266008AD015 /* SetCardView.swift in Sources */ = {isa = PBXBuildFile; fileRef = EF2BD232283E2266008AD015 /* SetCardView.swift */; };
		EF2BD235283E2289008AD015 /* SetCard.swift in Sources */ = {isa = PBXBuildFile; fileRef = EF2BD234283E2289008AD015 /* SetCard.swift */; };
		EF2BD237283E229A008AD015 /* SetGame.swift in Sources */ = {isa = PBXBuildFile; fileRef = EF2BD236283E229A008AD015 /* SetGame.swift */; };
		EF2BD239283E22C6008AD015 /* SetGameViewController.swift in Sources */ = {isa = PBXBuildFile; fileRef = EF2BD238283E22C6008AD015 /* SetGameViewController.swift */; };
		EF2BD23E283E22F6008AD015 /* SetCardAreaView.swift in Sources */ = {isa = PBXBuildFile; fileRef = EF2BD23A283E22F6008AD015 /* SetCardAreaView.swift */; };
		EF2BD23F283E22F6008AD015 /* SetCardViewConstants.swift in Sources */ = {isa = PBXBuildFile; fileRef = EF2BD23B283E22F6008AD015 /* SetCardViewConstants.swift */; };
		EF2BD240283E22F6008AD015 /* Grid.swift in Sources */ = {isa = PBXBuildFile; fileRef = EF2BD23C283E22F6008AD015 /* Grid.swift */; };
		EF2BD241283E22F6008AD015 /* Main.storyboard in Resources */ = {isa = PBXBuildFile; fileRef = EF2BD23D283E22F6008AD015 /* Main.storyboard */; };
/* End PBXBuildFile section */

/* Begin PBXFileReference section */
		4E782D932CDE1FA000B43108 /* .swiftlint.yml */ = {isa = PBXFileReference; lastKnownFileType = text.yaml; path = .swiftlint.yml; sourceTree = "<group>"; };
		EF2BD212283E21B3008AD015 /* cs193p-2017-fall-assignment3.app */ = {isa = PBXFileReference; explicitFileType = wrapper.application; includeInIndex = 0; path = "cs193p-2017-fall-assignment3.app"; sourceTree = BUILT_PRODUCTS_DIR; };
		EF2BD215283E21B3008AD015 /* AppDelegate.swift */ = {isa = PBXFileReference; lastKnownFileType = sourcecode.swift; path = AppDelegate.swift; sourceTree = "<group>"; };
		EF2BD217283E21B3008AD015 /* SceneDelegate.swift */ = {isa = PBXFileReference; lastKnownFileType = sourcecode.swift; path = SceneDelegate.swift; sourceTree = "<group>"; };
		EF2BD21E283E21B3008AD015 /* Assets.xcassets */ = {isa = PBXFileReference; lastKnownFileType = folder.assetcatalog; path = Assets.xcassets; sourceTree = "<group>"; };
		EF2BD221283E21B3008AD015 /* Base */ = {isa = PBXFileReference; lastKnownFileType = file.storyboard; name = Base; path = Base.lproj/LaunchScreen.storyboard; sourceTree = "<group>"; };
		EF2BD223283E21B3008AD015 /* Info.plist */ = {isa = PBXFileReference; lastKnownFileType = text.plist.xml; path = Info.plist; sourceTree = "<group>"; };
		EF2BD22E283E2225008AD015 /* SetCardViewProtocol.swift */ = {isa = PBXFileReference; lastKnownFileType = sourcecode.swift; path = SetCardViewProtocol.swift; sourceTree = "<group>"; };
		EF2BD230283E2249008AD015 /* SetCardButton.swift */ = {isa = PBXFileReference; lastKnownFileType = sourcecode.swift; path = SetCardButton.swift; sourceTree = "<group>"; };
		EF2BD232283E2266008AD015 /* SetCardView.swift */ = {isa = PBXFileReference; lastKnownFileType = sourcecode.swift; path = SetCardView.swift; sourceTree = "<group>"; };
		EF2BD234283E2289008AD015 /* SetCard.swift */ = {isa = PBXFileReference; lastKnownFileType = sourcecode.swift; path = SetCard.swift; sourceTree = "<group>"; };
		EF2BD236283E229A008AD015 /* SetGame.swift */ = {isa = PBXFileReference; lastKnownFileType = sourcecode.swift; path = SetGame.swift; sourceTree = "<group>"; };
		EF2BD238283E22C6008AD015 /* SetGameViewController.swift */ = {isa = PBXFileReference; fileEncoding = 4; lastKnownFileType = sourcecode.swift; path = SetGameViewController.swift; sourceTree = "<group>"; };
		EF2BD23A283E22F6008AD015 /* SetCardAreaView.swift */ = {isa = PBXFileReference; fileEncoding = 4; lastKnownFileType = sourcecode.swift; path = SetCardAreaView.swift; sourceTree = "<group>"; };
		EF2BD23B283E22F6008AD015 /* SetCardViewConstants.swift */ = {isa = PBXFileReference; fileEncoding = 4; lastKnownFileType = sourcecode.swift; path = SetCardViewConstants.swift; sourceTree = "<group>"; };
		EF2BD23C283E22F6008AD015 /* Grid.swift */ = {isa = PBXFileReference; fileEncoding = 4; lastKnownFileType = sourcecode.swift; path = Grid.swift; sourceTree = "<group>"; };
		EF2BD23D283E22F6008AD015 /* Main.storyboard */ = {isa = PBXFileReference; fileEncoding = 4; lastKnownFileType = file.storyboard; path = Main.storyboard; sourceTree = "<group>"; };
/* End PBXFileReference section */

/* Begin PBXFrameworksBuildPhase section */
		EF2BD20F283E21B3008AD015 /* Frameworks */ = {
			isa = PBXFrameworksBuildPhase;
			buildActionMask = 2147483647;
			files = (
			);
			runOnlyForDeploymentPostprocessing = 0;
		};
/* End PBXFrameworksBuildPhase section */

/* Begin PBXGroup section */
		EF2BD209283E21B3008AD015 = {
			isa = PBXGroup;
			children = (
				4E782D932CDE1FA000B43108 /* .swiftlint.yml */,
				EF2BD214283E21B3008AD015 /* cs193p-2017-fall-assignment3 */,
				EF2BD213283E21B3008AD015 /* Products */,
			);
			sourceTree = "<group>";
		};
		EF2BD213283E21B3008AD015 /* Products */ = {
			isa = PBXGroup;
			children = (
				EF2BD212283E21B3008AD015 /* cs193p-2017-fall-assignment3.app */,
			);
			name = Products;
			sourceTree = "<group>";
		};
		EF2BD214283E21B3008AD015 /* cs193p-2017-fall-assignment3 */ = {
			isa = PBXGroup;
			children = (
				EF2BD22C283E21DC008AD015 /* Supporting Files */,
				EF2BD22B283E21D3008AD015 /* Controller */,
				EF2BD22A283E21CD008AD015 /* View */,
				EF2BD229283E21C7008AD015 /* Model */,
				EF2BD223283E21B3008AD015 /* Info.plist */,
			);
			path = "cs193p-2017-fall-assignment3";
			sourceTree = "<group>";
		};
		EF2BD229283E21C7008AD015 /* Model */ = {
			isa = PBXGroup;
			children = (
				EF2BD234283E2289008AD015 /* SetCard.swift */,
				EF2BD236283E229A008AD015 /* SetGame.swift */,
			);
			path = Model;
			sourceTree = "<group>";
		};
		EF2BD22A283E21CD008AD015 /* View */ = {
			isa = PBXGroup;
			children = (
				EF2BD23C283E22F6008AD015 /* Grid.swift */,
				EF2BD23D283E22F6008AD015 /* Main.storyboard */,
				EF2BD23A283E22F6008AD015 /* SetCardAreaView.swift */,
				EF2BD23B283E22F6008AD015 /* SetCardViewConstants.swift */,
				EF2BD22D283E2213008AD015 /* SetCardView */,
			);
			path = View;
			sourceTree = "<group>";
		};
		EF2BD22B283E21D3008AD015 /* Controller */ = {
			isa = PBXGroup;
			children = (
				EF2BD238283E22C6008AD015 /* SetGameViewController.swift */,
			);
			path = Controller;
			sourceTree = "<group>";
		};
		EF2BD22C283E21DC008AD015 /* Supporting Files */ = {
			isa = PBXGroup;
			children = (
				EF2BD217283E21B3008AD015 /* SceneDelegate.swift */,
				EF2BD220283E21B3008AD015 /* LaunchScreen.storyboard */,
				EF2BD21E283E21B3008AD015 /* Assets.xcassets */,
				EF2BD215283E21B3008AD015 /* AppDelegate.swift */,
			);
			path = "Supporting Files";
			sourceTree = "<group>";
		};
		EF2BD22D283E2213008AD015 /* SetCardView */ = {
			isa = PBXGroup;
			children = (
				EF2BD22E283E2225008AD015 /* SetCardViewProtocol.swift */,
				EF2BD230283E2249008AD015 /* SetCardButton.swift */,
				EF2BD232283E2266008AD015 /* SetCardView.swift */,
			);
			path = SetCardView;
			sourceTree = "<group>";
		};
/* End PBXGroup section */

/* Begin PBXNativeTarget section */
		EF2BD211283E21B3008AD015 /* cs193p-2017-fall-assignment3 */ = {
			isa = PBXNativeTarget;
			buildConfigurationList = EF2BD226283E21B3008AD015 /* Build configuration list for PBXNativeTarget "cs193p-2017-fall-assignment3" */;
			buildPhases = (
				EF2BD20E283E21B3008AD015 /* Sources */,
				EF2BD20F283E21B3008AD015 /* Frameworks */,
				EF2BD210283E21B3008AD015 /* Resources */,
				4E782D952CDE1FB400B43108 /* ShellScript */,
			);
			buildRules = (
			);
			dependencies = (
			);
			name = "cs193p-2017-fall-assignment3";
			productName = "cs193p-2017-fall-assignment3";
			productReference = EF2BD212283E21B3008AD015 /* cs193p-2017-fall-assignment3.app */;
			productType = "com.apple.product-type.application";
		};
/* End PBXNativeTarget section */

/* Begin PBXProject section */
		EF2BD20A283E21B3008AD015 /* Project object */ = {
			isa = PBXProject;
			attributes = {
				BuildIndependentTargetsInParallel = 1;
				LastSwiftUpdateCheck = 1340;
				LastUpgradeCheck = 1340;
				TargetAttributes = {
					EF2BD211283E21B3008AD015 = {
						CreatedOnToolsVersion = 13.4;
					};
				};
			};
			buildConfigurationList = EF2BD20D283E21B3008AD015 /* Build configuration list for PBXProject "cs193p-2017-fall-assignment3" */;
			compatibilityVersion = "Xcode 13.0";
			developmentRegion = en;
			hasScannedForEncodings = 0;
			knownRegions = (
				en,
				Base,
			);
			mainGroup = EF2BD209283E21B3008AD015;
			productRefGroup = EF2BD213283E21B3008AD015 /* Products */;
			projectDirPath = "";
			projectRoot = "";
			targets = (
				EF2BD211283E21B3008AD015 /* cs193p-2017-fall-assignment3 */,
			);
		};
/* End PBXProject section */

/* Begin PBXResourcesBuildPhase section */
		EF2BD210283E21B3008AD015 /* Resources */ = {
			isa = PBXResourcesBuildPhase;
			buildActionMask = 2147483647;
			files = (
				4E782D942CDE1FA000B43108 /* .swiftlint.yml in Resources */,
				EF2BD222283E21B3008AD015 /* LaunchScreen.storyboard in Resources */,
				EF2BD21F283E21B3008AD015 /* Assets.xcassets in Resources */,
				EF2BD241283E22F6008AD015 /* Main.storyboard in Resources */,
			);
			runOnlyForDeploymentPostprocessing = 0;
		};
/* End PBXResourcesBuildPhase section */

/* Begin PBXShellScriptBuildPhase section */
		4E782D952CDE1FB400B43108 /* ShellScript */ = {
			isa = PBXShellScriptBuildPhase;
			alwaysOutOfDate = 1;
			buildActionMask = 2147483647;
			files = (
			);
			inputFileListPaths = (
			);
			inputPaths = (
			);
			outputFileListPaths = (
			);
			outputPaths = (
			);
			runOnlyForDeploymentPostprocessing = 0;
			shellPath = /bin/sh;
			shellScript = "if [[ \"$(uname -m)\" == arm64 ]]\nthen\n    export PATH=\"/opt/homebrew/bin:$PATH\"\nfi\nif command -v swiftlint >/dev/null 2>&1\nthen\n    swiftlint\nelse\n    echo \"warning: `swiftlint` command not found - See https://github.com/realm/SwiftLint#installation for installation instructions.\"\nfi\n\n";
		};
/* End PBXShellScriptBuildPhase section */

/* Begin PBXSourcesBuildPhase section */
		EF2BD20E283E21B3008AD015 /* Sources */ = {
			isa = PBXSourcesBuildPhase;
			buildActionMask = 2147483647;
			files = (
				EF2BD235283E2289008AD015 /* SetCard.swift in Sources */,
				EF2BD23F283E22F6008AD015 /* SetCardViewConstants.swift in Sources */,
				EF2BD233283E2266008AD015 /* SetCardView.swift in Sources */,
				EF2BD23E283E22F6008AD015 /* SetCardAreaView.swift in Sources */,
				EF2BD240283E22F6008AD015 /* Grid.swift in Sources */,
				EF2BD239283E22C6008AD015 /* SetGameViewController.swift in Sources */,
				EF2BD216283E21B3008AD015 /* AppDelegate.swift in Sources */,
				EF2BD231283E2249008AD015 /* SetCardButton.swift in Sources */,
				EF2BD218283E21B3008AD015 /* SceneDelegate.swift in Sources */,
				EF2BD237283E229A008AD015 /* SetGame.swift in Sources */,
				EF2BD22F283E2225008AD015 /* SetCardViewProtocol.swift in Sources */,
			);
			runOnlyForDeploymentPostprocessing = 0;
		};
/* End PBXSourcesBuildPhase section */

/* Begin PBXVariantGroup section */
		EF2BD220283E21B3008AD015 /* LaunchScreen.storyboard */ = {
			isa = PBXVariantGroup;
			children = (
				EF2BD221283E21B3008AD015 /* Base */,
			);
			name = LaunchScreen.storyboard;
			sourceTree = "<group>";
		};
/* End PBXVariantGroup section */

/* Begin XCBuildConfiguration section */
		EF2BD224283E21B3008AD015 /* Debug */ = {
			isa = XCBuildConfiguration;
			buildSettings = {
				ALWAYS_SEARCH_USER_PATHS = NO;
				CLANG_ANALYZER_NONNULL = YES;
				CLANG_ANALYZER_NUMBER_OBJECT_CONVERSION = YES_AGGRESSIVE;
				CLANG_CXX_LANGUAGE_STANDARD = "gnu++17";
				CLANG_ENABLE_MODULES = YES;
				CLANG_ENABLE_OBJC_ARC = YES;
				CLANG_ENABLE_OBJC_WEAK = YES;
				CLANG_WARN_BLOCK_CAPTURE_AUTORELEASING = YES;
				CLANG_WARN_BOOL_CONVERSION = YES;
				CLANG_WARN_COMMA = YES;
				CLANG_WARN_CONSTANT_CONVERSION = YES;
				CLANG_WARN_DEPRECATED_OBJC_IMPLEMENTATIONS = YES;
				CLANG_WARN_DIRECT_OBJC_ISA_USAGE = YES_ERROR;
				CLANG_WARN_DOCUMENTATION_COMMENTS = YES;
				CLANG_WARN_EMPTY_BODY = YES;
				CLANG_WARN_ENUM_CONVERSION = YES;
				CLANG_WARN_INFINITE_RECURSION = YES;
				CLANG_WARN_INT_CONVERSION = YES;
				CLANG_WARN_NON_LITERAL_NULL_CONVERSION = YES;
				CLANG_WARN_OBJC_IMPLICIT_RETAIN_SELF = YES;
				CLANG_WARN_OBJC_LITERAL_CONVERSION = YES;
				CLANG_WARN_OBJC_ROOT_CLASS = YES_ERROR;
				CLANG_WARN_QUOTED_INCLUDE_IN_FRAMEWORK_HEADER = YES;
				CLANG_WARN_RANGE_LOOP_ANALYSIS = YES;
				CLANG_WARN_STRICT_PROTOTYPES = YES;
				CLANG_WARN_SUSPICIOUS_MOVE = YES;
				CLANG_WARN_UNGUARDED_AVAILABILITY = YES_AGGRESSIVE;
				CLANG_WARN_UNREACHABLE_CODE = YES;
				CLANG_WARN__DUPLICATE_METHOD_MATCH = YES;
				COPY_PHASE_STRIP = NO;
				DEBUG_INFORMATION_FORMAT = dwarf;
				ENABLE_STRICT_OBJC_MSGSEND = YES;
				ENABLE_TESTABILITY = YES;
				GCC_C_LANGUAGE_STANDARD = gnu11;
				GCC_DYNAMIC_NO_PIC = NO;
				GCC_NO_COMMON_BLOCKS = YES;
				GCC_OPTIMIZATION_LEVEL = 0;
				GCC_PREPROCESSOR_DEFINITIONS = (
					"DEBUG=1",
					"$(inherited)",
				);
				GCC_WARN_64_TO_32_BIT_CONVERSION = YES;
				GCC_WARN_ABOUT_RETURN_TYPE = YES_ERROR;
				GCC_WARN_UNDECLARED_SELECTOR = YES;
				GCC_WARN_UNINITIALIZED_AUTOS = YES_AGGRESSIVE;
				GCC_WARN_UNUSED_FUNCTION = YES;
				GCC_WARN_UNUSED_VARIABLE = YES;
				IPHONEOS_DEPLOYMENT_TARGET = 15.5;
				MTL_ENABLE_DEBUG_INFO = INCLUDE_SOURCE;
				MTL_FAST_MATH = YES;
				ONLY_ACTIVE_ARCH = YES;
				SDKROOT = iphoneos;
				SWIFT_ACTIVE_COMPILATION_CONDITIONS = DEBUG;
				SWIFT_OPTIMIZATION_LEVEL = "-Onone";
			};
			name = Debug;
		};
		EF2BD225283E21B3008AD015 /* Release */ = {
			isa = XCBuildConfiguration;
			buildSettings = {
				ALWAYS_SEARCH_USER_PATHS = NO;
				CLANG_ANALYZER_NONNULL = YES;
				CLANG_ANALYZER_NUMBER_OBJECT_CONVERSION = YES_AGGRESSIVE;
				CLANG_CXX_LANGUAGE_STANDARD = "gnu++17";
				CLANG_ENABLE_MODULES = YES;
				CLANG_ENABLE_OBJC_ARC = YES;
				CLANG_ENABLE_OBJC_WEAK = YES;
				CLANG_WARN_BLOCK_CAPTURE_AUTORELEASING = YES;
				CLANG_WARN_BOOL_CONVERSION = YES;
				CLANG_WARN_COMMA = YES;
				CLANG_WARN_CONSTANT_CONVERSION = YES;
				CLANG_WARN_DEPRECATED_OBJC_IMPLEMENTATIONS = YES;
				CLANG_WARN_DIRECT_OBJC_ISA_USAGE = YES_ERROR;
				CLANG_WARN_DOCUMENTATION_COMMENTS = YES;
				CLANG_WARN_EMPTY_BODY = YES;
				CLANG_WARN_ENUM_CONVERSION = YES;
				CLANG_WARN_INFINITE_RECURSION = YES;
				CLANG_WARN_INT_CONVERSION = YES;
				CLANG_WARN_NON_LITERAL_NULL_CONVERSION = YES;
				CLANG_WARN_OBJC_IMPLICIT_RETAIN_SELF = YES;
				CLANG_WARN_OBJC_LITERAL_CONVERSION = YES;
				CLANG_WARN_OBJC_ROOT_CLASS = YES_ERROR;
				CLANG_WARN_QUOTED_INCLUDE_IN_FRAMEWORK_HEADER = YES;
				CLANG_WARN_RANGE_LOOP_ANALYSIS = YES;
				CLANG_WARN_STRICT_PROTOTYPES = YES;
				CLANG_WARN_SUSPICIOUS_MOVE = YES;
				CLANG_WARN_UNGUARDED_AVAILABILITY = YES_AGGRESSIVE;
				CLANG_WARN_UNREACHABLE_CODE = YES;
				CLANG_WARN__DUPLICATE_METHOD_MATCH = YES;
				COPY_PHASE_STRIP = NO;
				DEBUG_INFORMATION_FORMAT = "dwarf-with-dsym";
				ENABLE_NS_ASSERTIONS = NO;
				ENABLE_STRICT_OBJC_MSGSEND = YES;
				GCC_C_LANGUAGE_STANDARD = gnu11;
				GCC_NO_COMMON_BLOCKS = YES;
				GCC_WARN_64_TO_32_BIT_CONVERSION = YES;
				GCC_WARN_ABOUT_RETURN_TYPE = YES_ERROR;
				GCC_WARN_UNDECLARED_SELECTOR = YES;
				GCC_WARN_UNINITIALIZED_AUTOS = YES_AGGRESSIVE;
				GCC_WARN_UNUSED_FUNCTION = YES;
				GCC_WARN_UNUSED_VARIABLE = YES;
				IPHONEOS_DEPLOYMENT_TARGET = 15.5;
				MTL_ENABLE_DEBUG_INFO = NO;
				MTL_FAST_MATH = YES;
				SDKROOT = iphoneos;
				SWIFT_COMPILATION_MODE = wholemodule;
				SWIFT_OPTIMIZATION_LEVEL = "-O";
				VALIDATE_PRODUCT = YES;
			};
			name = Release;
		};
		EF2BD227283E21B3008AD015 /* Debug */ = {
			isa = XCBuildConfiguration;
			buildSettings = {
				ASSETCATALOG_COMPILER_APPICON_NAME = AppIcon;
				ASSETCATALOG_COMPILER_GLOBAL_ACCENT_COLOR_NAME = AccentColor;
				CODE_SIGN_STYLE = Automatic;
				CURRENT_PROJECT_VERSION = 1;
				DEVELOPMENT_TEAM = N4F7RVH5TU;
				GENERATE_INFOPLIST_FILE = YES;
				INFOPLIST_FILE = "cs193p-2017-fall-assignment3/Info.plist";
				INFOPLIST_KEY_UIApplicationSupportsIndirectInputEvents = YES;
				INFOPLIST_KEY_UILaunchStoryboardName = LaunchScreen;
				INFOPLIST_KEY_UIMainStoryboardFile = Main;
				INFOPLIST_KEY_UISupportedInterfaceOrientations_iPad = "UIInterfaceOrientationPortrait UIInterfaceOrientationPortraitUpsideDown UIInterfaceOrientationLandscapeLeft UIInterfaceOrientationLandscapeRight";
				INFOPLIST_KEY_UISupportedInterfaceOrientations_iPhone = "UIInterfaceOrientationPortrait UIInterfaceOrientationLandscapeLeft UIInterfaceOrientationLandscapeRight";
				IPHONEOS_DEPLOYMENT_TARGET = 14.2;
				LD_RUNPATH_SEARCH_PATHS = (
					"$(inherited)",
					"@executable_path/Frameworks",
				);
				MARKETING_VERSION = 1.0;
				PRODUCT_BUNDLE_IDENTIFIER = "ksurikova.cs193p-2017-fall-assignment3";
				PRODUCT_NAME = "$(TARGET_NAME)";
				SWIFT_EMIT_LOC_STRINGS = YES;
				SWIFT_VERSION = 5.0;
				TARGETED_DEVICE_FAMILY = "1,2";
			};
			name = Debug;
		};
		EF2BD228283E21B3008AD015 /* Release */ = {
			isa = XCBuildConfiguration;
			buildSettings = {
				ASSETCATALOG_COMPILER_APPICON_NAME = AppIcon;
				ASSETCATALOG_COMPILER_GLOBAL_ACCENT_COLOR_NAME = AccentColor;
				CODE_SIGN_STYLE = Automatic;
				CURRENT_PROJECT_VERSION = 1;
				DEVELOPMENT_TEAM = N4F7RVH5TU;
				GENERATE_INFOPLIST_FILE = YES;
				INFOPLIST_FILE = "cs193p-2017-fall-assignment3/Info.plist";
				INFOPLIST_KEY_UIApplicationSupportsIndirectInputEvents = YES;
				INFOPLIST_KEY_UILaunchStoryboardName = LaunchScreen;
				INFOPLIST_KEY_UIMainStoryboardFile = Main;
				INFOPLIST_KEY_UISupportedInterfaceOrientations_iPad = "UIInterfaceOrientationPortrait UIInterfaceOrientationPortraitUpsideDown UIInterfaceOrientationLandscapeLeft UIInterfaceOrientationLandscapeRight";
				INFOPLIST_KEY_UISupportedInterfaceOrientations_iPhone = "UIInterfaceOrientationPortrait UIInterfaceOrientationLandscapeLeft UIInterfaceOrientationLandscapeRight";
				IPHONEOS_DEPLOYMENT_TARGET = 14.2;
				LD_RUNPATH_SEARCH_PATHS = (
					"$(inherited)",
					"@executable_path/Frameworks",
				);
				MARKETING_VERSION = 1.0;
				PRODUCT_BUNDLE_IDENTIFIER = "ksurikova.cs193p-2017-fall-assignment3";
				PRODUCT_NAME = "$(TARGET_NAME)";
				SWIFT_EMIT_LOC_STRINGS = YES;
				SWIFT_VERSION = 5.0;
				TARGETED_DEVICE_FAMILY = "1,2";
			};
			name = Release;
		};
/* End XCBuildConfiguration section */

/* Begin XCConfigurationList section */
		EF2BD20D283E21B3008AD015 /* Build configuration list for PBXProject "cs193p-2017-fall-assignment3" */ = {
			isa = XCConfigurationList;
			buildConfigurations = (
				EF2BD224283E21B3008AD015 /* Debug */,
				EF2BD225283E21B3008AD015 /* Release */,
			);
			defaultConfigurationIsVisible = 0;
			defaultConfigurationName = Release;
		};
		EF2BD226283E21B3008AD015 /* Build configuration list for PBXNativeTarget "cs193p-2017-fall-assignment3" */ = {
			isa = XCConfigurationList;
			buildConfigurations = (
				EF2BD227283E21B3008AD015 /* Debug */,
				EF2BD228283E21B3008AD015 /* Release */,
			);
			defaultConfigurationIsVisible = 0;
			defaultConfigurationName = Release;
		};
/* End XCConfigurationList section */
	};
	rootObject = EF2BD20A283E21B3008AD015 /* Project object */;
}
